// !$*UTF8*$!
{
	archiveVersion = 1;
	classes = {
	};
	objectVersion = 55;
	objects = {

/* Begin PBXBuildFile section */
		9806800027030DA900A4588A /* SectionedPlaylistsRepository.swift in Sources */ = {isa = PBXBuildFile; fileRef = 98067FFF27030DA900A4588A /* SectionedPlaylistsRepository.swift */; };
		9806800327030E2B00A4588A /* SectionedPlaylistDTO.swift in Sources */ = {isa = PBXBuildFile; fileRef = 9806800227030E2B00A4588A /* SectionedPlaylistDTO.swift */; };
		9806800627030F4D00A4588A /* SectionedPlaylistRepositoryImpl.swift in Sources */ = {isa = PBXBuildFile; fileRef = 9806800527030F4D00A4588A /* SectionedPlaylistRepositoryImpl.swift */; };
		980680092703122100A4588A /* GetSectionedPlaylistsUseCaseImpl.swift in Sources */ = {isa = PBXBuildFile; fileRef = 980680082703122100A4588A /* GetSectionedPlaylistsUseCaseImpl.swift */; };
		9806800C2703125B00A4588A /* GetSectionedPlaylistsUseCase.swift in Sources */ = {isa = PBXBuildFile; fileRef = 9806800B2703125B00A4588A /* GetSectionedPlaylistsUseCase.swift */; };
		9806800F2703129D00A4588A /* SectionedPlaylist.swift in Sources */ = {isa = PBXBuildFile; fileRef = 9806800E2703129D00A4588A /* SectionedPlaylist.swift */; };
		98068011270314B700A4588A /* SectionedPlaylistsViewModel.swift in Sources */ = {isa = PBXBuildFile; fileRef = 98068010270314B700A4588A /* SectionedPlaylistsViewModel.swift */; };
		98068014270333A700A4588A /* Mach1SectionedList.swift in Sources */ = {isa = PBXBuildFile; fileRef = 98068013270333A700A4588A /* Mach1SectionedList.swift */; };
		980680162703340C00A4588A /* Mach1Sectioned.swift in Sources */ = {isa = PBXBuildFile; fileRef = 980680152703340C00A4588A /* Mach1Sectioned.swift */; };
		9806801B2703448500A4588A /* sectionedplaylists.json in Resources */ = {isa = PBXBuildFile; fileRef = 9806801A2703448500A4588A /* sectionedplaylists.json */; };
		9806801D270346BF00A4588A /* ReadFile.swift in Sources */ = {isa = PBXBuildFile; fileRef = 9806801C270346BF00A4588A /* ReadFile.swift */; };
		9806801F270348FB00A4588A /* MockedResource.swift in Sources */ = {isa = PBXBuildFile; fileRef = 9806801E270348FB00A4588A /* MockedResource.swift */; };
		9806802127034A9500A4588A /* valid_token.json in Resources */ = {isa = PBXBuildFile; fileRef = 9806802027034A9500A4588A /* valid_token.json */; };
		983465E126FB277D00271537 /* LoggerFactory.swift in Sources */ = {isa = PBXBuildFile; fileRef = 983465E026FB277D00271537 /* LoggerFactory.swift */; };
		983465E426FB4FF300271537 /* LoggerCategoryType.swift in Sources */ = {isa = PBXBuildFile; fileRef = 983465E326FB4FF300271537 /* LoggerCategoryType.swift */; };
		983FC03126FDC17A00F98089 /* SignUpViewModel.swift in Sources */ = {isa = PBXBuildFile; fileRef = 983FC03026FDC17A00F98089 /* SignUpViewModel.swift */; };
		983FC03326FDC39600F98089 /* SignUpRepository.swift in Sources */ = {isa = PBXBuildFile; fileRef = 983FC03226FDC39600F98089 /* SignUpRepository.swift */; };
		983FC03526FDC3A400F98089 /* SignUp.swift in Sources */ = {isa = PBXBuildFile; fileRef = 983FC03426FDC3A400F98089 /* SignUp.swift */; };
		983FC03726FDC45100F98089 /* SignUpDTO.swift in Sources */ = {isa = PBXBuildFile; fileRef = 983FC03626FDC45100F98089 /* SignUpDTO.swift */; };
		983FC03926FDC4A100F98089 /* SignUpRepositoryImpl.swift in Sources */ = {isa = PBXBuildFile; fileRef = 983FC03826FDC4A100F98089 /* SignUpRepositoryImpl.swift */; };
		983FC03B26FDC53100F98089 /* SignUpUseCaseImpl.swift in Sources */ = {isa = PBXBuildFile; fileRef = 983FC03A26FDC53100F98089 /* SignUpUseCaseImpl.swift */; };
		983FC04226FDF27F00F98089 /* SignUpCase.swift in Sources */ = {isa = PBXBuildFile; fileRef = 983FC04126FDF27F00F98089 /* SignUpCase.swift */; };
		983FC04426FDF9CA00F98089 /* SignInUseCase.swift in Sources */ = {isa = PBXBuildFile; fileRef = 983FC04326FDF9CA00F98089 /* SignInUseCase.swift */; };
		98827BDB26F32CB100C6BA8E /* Mach1SegmentedPicker.swift in Sources */ = {isa = PBXBuildFile; fileRef = 98827BDA26F32CB100C6BA8E /* Mach1SegmentedPicker.swift */; };
		98827BDF26F3408000C6BA8E /* Mach1CircleImage.swift in Sources */ = {isa = PBXBuildFile; fileRef = 98827BDE26F3408000C6BA8E /* Mach1CircleImage.swift */; };
		98827BE126F3780000C6BA8E /* Mach1ProgressBar.swift in Sources */ = {isa = PBXBuildFile; fileRef = 98827BE026F3780000C6BA8E /* Mach1ProgressBar.swift */; };
		98827BE326F3895900C6BA8E /* Mach1CardImage.swift in Sources */ = {isa = PBXBuildFile; fileRef = 98827BE226F3895900C6BA8E /* Mach1CardImage.swift */; };
		98827BE526F4816B00C6BA8E /* ImageExtensions.swift in Sources */ = {isa = PBXBuildFile; fileRef = 98827BE426F4816B00C6BA8E /* ImageExtensions.swift */; };
		98827BE726F48E1D00C6BA8E /* ViewExtension.swift in Sources */ = {isa = PBXBuildFile; fileRef = 98827BE626F48E1D00C6BA8E /* ViewExtension.swift */; };
		98827BE926F4943200C6BA8E /* CorrugatedRectangle.swift in Sources */ = {isa = PBXBuildFile; fileRef = 98827BE826F4943200C6BA8E /* CorrugatedRectangle.swift */; };
		98827BEB26F4B00200C6BA8E /* Mach1CorrugatedImage.swift in Sources */ = {isa = PBXBuildFile; fileRef = 98827BEA26F4B00200C6BA8E /* Mach1CorrugatedImage.swift */; };
		988B7B8126EF86E900622B89 /* InjectionFactory.swift in Sources */ = {isa = PBXBuildFile; fileRef = 988B7B8026EF86E900622B89 /* InjectionFactory.swift */; };
		988B7B8426EF87C700622B89 /* ApiCall.swift in Sources */ = {isa = PBXBuildFile; fileRef = 988B7B8326EF87C700622B89 /* ApiCall.swift */; };
		988B7B8626EF87E700622B89 /* WebSessionProvider.swift in Sources */ = {isa = PBXBuildFile; fileRef = 988B7B8526EF87E700622B89 /* WebSessionProvider.swift */; };
		988B7B8826EF87F400622B89 /* WebRepository.swift in Sources */ = {isa = PBXBuildFile; fileRef = 988B7B8726EF87F400622B89 /* WebRepository.swift */; };
		988B7B8B26EF884300622B89 /* UserAuthorization.swift in Sources */ = {isa = PBXBuildFile; fileRef = 988B7B8A26EF884300622B89 /* UserAuthorization.swift */; };
		988B7B8F26EF96F400622B89 /* ButtonStyles.swift in Sources */ = {isa = PBXBuildFile; fileRef = 988B7B8E26EF96F400622B89 /* ButtonStyles.swift */; };
		988B7B9126EF98BA00622B89 /* Colors.xcassets in Resources */ = {isa = PBXBuildFile; fileRef = 988B7B9026EF98BA00622B89 /* Colors.xcassets */; };
		988B7B9426EF9B2700622B89 /* Colors.swift in Sources */ = {isa = PBXBuildFile; fileRef = 988B7B9326EF9B2700622B89 /* Colors.swift */; };
		98B4EF0826FC687D00C33AA9 /* MockedRepositoryInjectionFactory.swift in Sources */ = {isa = PBXBuildFile; fileRef = 98B4EF0726FC687D00C33AA9 /* MockedRepositoryInjectionFactory.swift */; };
		98B4EF0A26FC6D7300C33AA9 /* Mach1View.swift in Sources */ = {isa = PBXBuildFile; fileRef = 98B4EF0926FC6D7300C33AA9 /* Mach1View.swift */; };
		98B4EF0C26FC86D700C33AA9 /* Mach1Logo.swift in Sources */ = {isa = PBXBuildFile; fileRef = 98B4EF0B26FC86D700C33AA9 /* Mach1Logo.swift */; };
		98B4EF0E26FC9C2800C33AA9 /* Mach1Alert.swift in Sources */ = {isa = PBXBuildFile; fileRef = 98B4EF0D26FC9C2800C33AA9 /* Mach1Alert.swift */; };
		98B4EF1326FCBE6300C33AA9 /* SignUpView.swift in Sources */ = {isa = PBXBuildFile; fileRef = 98B4EF1226FCBE6300C33AA9 /* SignUpView.swift */; };
		98B5AF7726EF6BF90007C292 /* Localizable.strings in Resources */ = {isa = PBXBuildFile; fileRef = 98B5AF7926EF6BF90007C292 /* Localizable.strings */; };
		98B5AF7E26EF6CDF0007C292 /* Translate.swift in Sources */ = {isa = PBXBuildFile; fileRef = 98B5AF7D26EF6CDF0007C292 /* Translate.swift */; };
		98B5AF8026EF6DA30007C292 /* ConfigurationProperty.swift in Sources */ = {isa = PBXBuildFile; fileRef = 98B5AF7F26EF6DA30007C292 /* ConfigurationProperty.swift */; };
		98B5AF8726EF7A480007C292 /* ProximaNovaMedium.otf in Resources */ = {isa = PBXBuildFile; fileRef = 98B5AF8426EF7A470007C292 /* ProximaNovaMedium.otf */; };
		98B5AF8826EF7A480007C292 /* ProximaNovaRegular.otf in Resources */ = {isa = PBXBuildFile; fileRef = 98B5AF8526EF7A480007C292 /* ProximaNovaRegular.otf */; };
		98B5AF8926EF7A480007C292 /* ProximaNovaSemibold.otf in Resources */ = {isa = PBXBuildFile; fileRef = 98B5AF8626EF7A480007C292 /* ProximaNovaSemibold.otf */; };
		98B5AF8B26EF7A8A0007C292 /* TextSyles.swift in Sources */ = {isa = PBXBuildFile; fileRef = 98B5AF8A26EF7A8A0007C292 /* TextSyles.swift */; };
		98B5AF8D26EF7B7E0007C292 /* ProximaNovaItalic.otf in Resources */ = {isa = PBXBuildFile; fileRef = 98B5AF8C26EF7B7E0007C292 /* ProximaNovaItalic.otf */; };
		98B91E9A26FB67F8008EA8D2 /* SignInView.swift in Sources */ = {isa = PBXBuildFile; fileRef = 98B91E9926FB67F8008EA8D2 /* SignInView.swift */; };
		98B91E9C26FB680D008EA8D2 /* SignInViewModel.swift in Sources */ = {isa = PBXBuildFile; fileRef = 98B91E9B26FB680D008EA8D2 /* SignInViewModel.swift */; };
		98B91E9F26FB6836008EA8D2 /* SignIn.swift in Sources */ = {isa = PBXBuildFile; fileRef = 98B91E9E26FB6836008EA8D2 /* SignIn.swift */; };
		98B91EA226FB686B008EA8D2 /* SignInRepository.swift in Sources */ = {isa = PBXBuildFile; fileRef = 98B91EA126FB686B008EA8D2 /* SignInRepository.swift */; };
		98B91EA626FB6AB5008EA8D2 /* SignInDTO.swift in Sources */ = {isa = PBXBuildFile; fileRef = 98B91EA526FB6AB5008EA8D2 /* SignInDTO.swift */; };
		98B91EA926FB6B4A008EA8D2 /* SignInRepositoryImpl.swift in Sources */ = {isa = PBXBuildFile; fileRef = 98B91EA826FB6B4A008EA8D2 /* SignInRepositoryImpl.swift */; };
		98B91EAB26FB6C41008EA8D2 /* StringExtensions.swift in Sources */ = {isa = PBXBuildFile; fileRef = 98B91EAA26FB6C41008EA8D2 /* StringExtensions.swift */; };
		98B91EAE26FB6E62008EA8D2 /* SignInUseCaseImpl.swift in Sources */ = {isa = PBXBuildFile; fileRef = 98B91EAD26FB6E62008EA8D2 /* SignInUseCaseImpl.swift */; };
		98B91EB126FB6F3F008EA8D2 /* Token.swift in Sources */ = {isa = PBXBuildFile; fileRef = 98B91EB026FB6F3F008EA8D2 /* Token.swift */; };
		98BCEC2D26F089CF00691C16 /* StyleConstants.swift in Sources */ = {isa = PBXBuildFile; fileRef = 98BCEC2C26F089CF00691C16 /* StyleConstants.swift */; };
		98BCEC3326F0B1A700691C16 /* Mach1TextField.swift in Sources */ = {isa = PBXBuildFile; fileRef = 98BCEC3226F0B1A700691C16 /* Mach1TextField.swift */; };
		98D22D8526EF39B800285854 /* Mach1_Spatial_Music_PlayerApp.swift in Sources */ = {isa = PBXBuildFile; fileRef = 98D22D8426EF39B800285854 /* Mach1_Spatial_Music_PlayerApp.swift */; };
		98D22D8926EF39B900285854 /* Icons.xcassets in Resources */ = {isa = PBXBuildFile; fileRef = 98D22D8826EF39B900285854 /* Icons.xcassets */; };
		98D22DB326EF405200285854 /* Preview Content in Resources */ = {isa = PBXBuildFile; fileRef = 98D22DB226EF405200285854 /* Preview Content */; };
		98D887DE2701FD4D00C09F2D /* HomeView.swift in Sources */ = {isa = PBXBuildFile; fileRef = 98D887DD2701FD4D00C09F2D /* HomeView.swift */; };
		98D887E6270206E900C09F2D /* SectionedPlaylistsView.swift in Sources */ = {isa = PBXBuildFile; fileRef = 98D887E5270206E900C09F2D /* SectionedPlaylistsView.swift */; };
		98D887E82702072500C09F2D /* ProfileView.swift in Sources */ = {isa = PBXBuildFile; fileRef = 98D887E72702072500C09F2D /* ProfileView.swift */; };
		98E443712701ED000003338A /* AppRoutingView.swift in Sources */ = {isa = PBXBuildFile; fileRef = 98E443702701ED000003338A /* AppRoutingView.swift */; };
/* End PBXBuildFile section */

/* Begin PBXFileReference section */
		98067FFF27030DA900A4588A /* SectionedPlaylistsRepository.swift */ = {isa = PBXFileReference; lastKnownFileType = sourcecode.swift; path = SectionedPlaylistsRepository.swift; sourceTree = "<group>"; };
		9806800227030E2B00A4588A /* SectionedPlaylistDTO.swift */ = {isa = PBXFileReference; lastKnownFileType = sourcecode.swift; path = SectionedPlaylistDTO.swift; sourceTree = "<group>"; };
		9806800527030F4D00A4588A /* SectionedPlaylistRepositoryImpl.swift */ = {isa = PBXFileReference; lastKnownFileType = sourcecode.swift; path = SectionedPlaylistRepositoryImpl.swift; sourceTree = "<group>"; };
		980680082703122100A4588A /* GetSectionedPlaylistsUseCaseImpl.swift */ = {isa = PBXFileReference; lastKnownFileType = sourcecode.swift; path = GetSectionedPlaylistsUseCaseImpl.swift; sourceTree = "<group>"; };
		9806800B2703125B00A4588A /* GetSectionedPlaylistsUseCase.swift */ = {isa = PBXFileReference; lastKnownFileType = sourcecode.swift; path = GetSectionedPlaylistsUseCase.swift; sourceTree = "<group>"; };
		9806800E2703129D00A4588A /* SectionedPlaylist.swift */ = {isa = PBXFileReference; lastKnownFileType = sourcecode.swift; path = SectionedPlaylist.swift; sourceTree = "<group>"; };
		98068010270314B700A4588A /* SectionedPlaylistsViewModel.swift */ = {isa = PBXFileReference; lastKnownFileType = sourcecode.swift; path = SectionedPlaylistsViewModel.swift; sourceTree = "<group>"; };
		98068013270333A700A4588A /* Mach1SectionedList.swift */ = {isa = PBXFileReference; lastKnownFileType = sourcecode.swift; path = Mach1SectionedList.swift; sourceTree = "<group>"; };
		980680152703340C00A4588A /* Mach1Sectioned.swift */ = {isa = PBXFileReference; lastKnownFileType = sourcecode.swift; path = Mach1Sectioned.swift; sourceTree = "<group>"; };
		9806801A2703448500A4588A /* sectionedplaylists.json */ = {isa = PBXFileReference; lastKnownFileType = text.json; path = sectionedplaylists.json; sourceTree = "<group>"; };
		9806801C270346BF00A4588A /* ReadFile.swift */ = {isa = PBXFileReference; lastKnownFileType = sourcecode.swift; path = ReadFile.swift; sourceTree = "<group>"; };
		9806801E270348FB00A4588A /* MockedResource.swift */ = {isa = PBXFileReference; lastKnownFileType = sourcecode.swift; path = MockedResource.swift; sourceTree = "<group>"; };
		9806802027034A9500A4588A /* valid_token.json */ = {isa = PBXFileReference; lastKnownFileType = text.json; path = valid_token.json; sourceTree = "<group>"; };
		983465E026FB277D00271537 /* LoggerFactory.swift */ = {isa = PBXFileReference; lastKnownFileType = sourcecode.swift; path = LoggerFactory.swift; sourceTree = "<group>"; };
		983465E326FB4FF300271537 /* LoggerCategoryType.swift */ = {isa = PBXFileReference; lastKnownFileType = sourcecode.swift; path = LoggerCategoryType.swift; sourceTree = "<group>"; };
		983FC03026FDC17A00F98089 /* SignUpViewModel.swift */ = {isa = PBXFileReference; lastKnownFileType = sourcecode.swift; path = SignUpViewModel.swift; sourceTree = "<group>"; };
		983FC03226FDC39600F98089 /* SignUpRepository.swift */ = {isa = PBXFileReference; lastKnownFileType = sourcecode.swift; path = SignUpRepository.swift; sourceTree = "<group>"; };
		983FC03426FDC3A400F98089 /* SignUp.swift */ = {isa = PBXFileReference; lastKnownFileType = sourcecode.swift; path = SignUp.swift; sourceTree = "<group>"; };
		983FC03626FDC45100F98089 /* SignUpDTO.swift */ = {isa = PBXFileReference; lastKnownFileType = sourcecode.swift; path = SignUpDTO.swift; sourceTree = "<group>"; };
		983FC03826FDC4A100F98089 /* SignUpRepositoryImpl.swift */ = {isa = PBXFileReference; lastKnownFileType = sourcecode.swift; path = SignUpRepositoryImpl.swift; sourceTree = "<group>"; };
		983FC03A26FDC53100F98089 /* SignUpUseCaseImpl.swift */ = {isa = PBXFileReference; lastKnownFileType = sourcecode.swift; path = SignUpUseCaseImpl.swift; sourceTree = "<group>"; };
		983FC04126FDF27F00F98089 /* SignUpCase.swift */ = {isa = PBXFileReference; lastKnownFileType = sourcecode.swift; path = SignUpCase.swift; sourceTree = "<group>"; };
		983FC04326FDF9CA00F98089 /* SignInUseCase.swift */ = {isa = PBXFileReference; lastKnownFileType = sourcecode.swift; path = SignInUseCase.swift; sourceTree = "<group>"; };
		98827BDA26F32CB100C6BA8E /* Mach1SegmentedPicker.swift */ = {isa = PBXFileReference; lastKnownFileType = sourcecode.swift; path = Mach1SegmentedPicker.swift; sourceTree = "<group>"; };
		98827BDE26F3408000C6BA8E /* Mach1CircleImage.swift */ = {isa = PBXFileReference; lastKnownFileType = sourcecode.swift; path = Mach1CircleImage.swift; sourceTree = "<group>"; };
		98827BE026F3780000C6BA8E /* Mach1ProgressBar.swift */ = {isa = PBXFileReference; lastKnownFileType = sourcecode.swift; path = Mach1ProgressBar.swift; sourceTree = "<group>"; };
		98827BE226F3895900C6BA8E /* Mach1CardImage.swift */ = {isa = PBXFileReference; lastKnownFileType = sourcecode.swift; path = Mach1CardImage.swift; sourceTree = "<group>"; };
		98827BE426F4816B00C6BA8E /* ImageExtensions.swift */ = {isa = PBXFileReference; lastKnownFileType = sourcecode.swift; path = ImageExtensions.swift; sourceTree = "<group>"; };
		98827BE626F48E1D00C6BA8E /* ViewExtension.swift */ = {isa = PBXFileReference; lastKnownFileType = sourcecode.swift; path = ViewExtension.swift; sourceTree = "<group>"; };
		98827BE826F4943200C6BA8E /* CorrugatedRectangle.swift */ = {isa = PBXFileReference; lastKnownFileType = sourcecode.swift; path = CorrugatedRectangle.swift; sourceTree = "<group>"; };
		98827BEA26F4B00200C6BA8E /* Mach1CorrugatedImage.swift */ = {isa = PBXFileReference; lastKnownFileType = sourcecode.swift; path = Mach1CorrugatedImage.swift; sourceTree = "<group>"; };
		988B7B8026EF86E900622B89 /* InjectionFactory.swift */ = {isa = PBXFileReference; lastKnownFileType = sourcecode.swift; path = InjectionFactory.swift; sourceTree = "<group>"; };
		988B7B8326EF87C700622B89 /* ApiCall.swift */ = {isa = PBXFileReference; lastKnownFileType = sourcecode.swift; path = ApiCall.swift; sourceTree = "<group>"; };
		988B7B8526EF87E700622B89 /* WebSessionProvider.swift */ = {isa = PBXFileReference; lastKnownFileType = sourcecode.swift; path = WebSessionProvider.swift; sourceTree = "<group>"; };
		988B7B8726EF87F400622B89 /* WebRepository.swift */ = {isa = PBXFileReference; lastKnownFileType = sourcecode.swift; path = WebRepository.swift; sourceTree = "<group>"; };
		988B7B8A26EF884300622B89 /* UserAuthorization.swift */ = {isa = PBXFileReference; lastKnownFileType = sourcecode.swift; path = UserAuthorization.swift; sourceTree = "<group>"; };
		988B7B8E26EF96F400622B89 /* ButtonStyles.swift */ = {isa = PBXFileReference; lastKnownFileType = sourcecode.swift; path = ButtonStyles.swift; sourceTree = "<group>"; };
		988B7B9026EF98BA00622B89 /* Colors.xcassets */ = {isa = PBXFileReference; lastKnownFileType = folder.assetcatalog; path = Colors.xcassets; sourceTree = "<group>"; };
		988B7B9326EF9B2700622B89 /* Colors.swift */ = {isa = PBXFileReference; lastKnownFileType = sourcecode.swift; path = Colors.swift; sourceTree = "<group>"; };
		98B4EF0726FC687D00C33AA9 /* MockedRepositoryInjectionFactory.swift */ = {isa = PBXFileReference; lastKnownFileType = sourcecode.swift; path = MockedRepositoryInjectionFactory.swift; sourceTree = "<group>"; };
		98B4EF0926FC6D7300C33AA9 /* Mach1View.swift */ = {isa = PBXFileReference; lastKnownFileType = sourcecode.swift; path = Mach1View.swift; sourceTree = "<group>"; };
		98B4EF0B26FC86D700C33AA9 /* Mach1Logo.swift */ = {isa = PBXFileReference; lastKnownFileType = sourcecode.swift; path = Mach1Logo.swift; sourceTree = "<group>"; };
		98B4EF0D26FC9C2800C33AA9 /* Mach1Alert.swift */ = {isa = PBXFileReference; lastKnownFileType = sourcecode.swift; path = Mach1Alert.swift; sourceTree = "<group>"; };
		98B4EF1226FCBE6300C33AA9 /* SignUpView.swift */ = {isa = PBXFileReference; lastKnownFileType = sourcecode.swift; path = SignUpView.swift; sourceTree = "<group>"; };
		98B5AF7826EF6BF90007C292 /* en */ = {isa = PBXFileReference; lastKnownFileType = text.plist.strings; name = en; path = en.lproj/Localizable.strings; sourceTree = "<group>"; };
		98B5AF7B26EF6C3D0007C292 /* it */ = {isa = PBXFileReference; lastKnownFileType = text.plist.strings; name = it; path = it.lproj/Localizable.strings; sourceTree = "<group>"; };
		98B5AF7D26EF6CDF0007C292 /* Translate.swift */ = {isa = PBXFileReference; lastKnownFileType = sourcecode.swift; path = Translate.swift; sourceTree = "<group>"; };
		98B5AF7F26EF6DA30007C292 /* ConfigurationProperty.swift */ = {isa = PBXFileReference; lastKnownFileType = sourcecode.swift; path = ConfigurationProperty.swift; sourceTree = "<group>"; };
		98B5AF8126EF6E3A0007C292 /* Mach1-Spatial-Music-Player-Info.plist */ = {isa = PBXFileReference; lastKnownFileType = text.plist.xml; name = "Mach1-Spatial-Music-Player-Info.plist"; path = "Mach1 Spatial Music Player/Configuration/Mach1-Spatial-Music-Player-Info.plist"; sourceTree = SOURCE_ROOT; };
		98B5AF8426EF7A470007C292 /* ProximaNovaMedium.otf */ = {isa = PBXFileReference; lastKnownFileType = file; path = ProximaNovaMedium.otf; sourceTree = "<group>"; };
		98B5AF8526EF7A480007C292 /* ProximaNovaRegular.otf */ = {isa = PBXFileReference; lastKnownFileType = file; path = ProximaNovaRegular.otf; sourceTree = "<group>"; };
		98B5AF8626EF7A480007C292 /* ProximaNovaSemibold.otf */ = {isa = PBXFileReference; lastKnownFileType = file; path = ProximaNovaSemibold.otf; sourceTree = "<group>"; };
		98B5AF8A26EF7A8A0007C292 /* TextSyles.swift */ = {isa = PBXFileReference; lastKnownFileType = sourcecode.swift; path = TextSyles.swift; sourceTree = "<group>"; };
		98B5AF8C26EF7B7E0007C292 /* ProximaNovaItalic.otf */ = {isa = PBXFileReference; lastKnownFileType = file; path = ProximaNovaItalic.otf; sourceTree = "<group>"; };
		98B91E9926FB67F8008EA8D2 /* SignInView.swift */ = {isa = PBXFileReference; lastKnownFileType = sourcecode.swift; path = SignInView.swift; sourceTree = "<group>"; };
		98B91E9B26FB680D008EA8D2 /* SignInViewModel.swift */ = {isa = PBXFileReference; lastKnownFileType = sourcecode.swift; path = SignInViewModel.swift; sourceTree = "<group>"; };
		98B91E9E26FB6836008EA8D2 /* SignIn.swift */ = {isa = PBXFileReference; lastKnownFileType = sourcecode.swift; path = SignIn.swift; sourceTree = "<group>"; };
		98B91EA126FB686B008EA8D2 /* SignInRepository.swift */ = {isa = PBXFileReference; lastKnownFileType = sourcecode.swift; path = SignInRepository.swift; sourceTree = "<group>"; };
		98B91EA526FB6AB5008EA8D2 /* SignInDTO.swift */ = {isa = PBXFileReference; lastKnownFileType = sourcecode.swift; path = SignInDTO.swift; sourceTree = "<group>"; };
		98B91EA826FB6B4A008EA8D2 /* SignInRepositoryImpl.swift */ = {isa = PBXFileReference; lastKnownFileType = sourcecode.swift; path = SignInRepositoryImpl.swift; sourceTree = "<group>"; };
		98B91EAA26FB6C41008EA8D2 /* StringExtensions.swift */ = {isa = PBXFileReference; lastKnownFileType = sourcecode.swift; path = StringExtensions.swift; sourceTree = "<group>"; };
		98B91EAD26FB6E62008EA8D2 /* SignInUseCaseImpl.swift */ = {isa = PBXFileReference; lastKnownFileType = sourcecode.swift; path = SignInUseCaseImpl.swift; sourceTree = "<group>"; };
		98B91EB026FB6F3F008EA8D2 /* Token.swift */ = {isa = PBXFileReference; lastKnownFileType = sourcecode.swift; path = Token.swift; sourceTree = "<group>"; };
		98BCEC2C26F089CF00691C16 /* StyleConstants.swift */ = {isa = PBXFileReference; lastKnownFileType = sourcecode.swift; path = StyleConstants.swift; sourceTree = "<group>"; };
		98BCEC3226F0B1A700691C16 /* Mach1TextField.swift */ = {isa = PBXFileReference; lastKnownFileType = sourcecode.swift; path = Mach1TextField.swift; sourceTree = "<group>"; };
		98D22D8126EF39B800285854 /* Mach1 Spatial Music Player.app */ = {isa = PBXFileReference; explicitFileType = wrapper.application; includeInIndex = 0; path = "Mach1 Spatial Music Player.app"; sourceTree = BUILT_PRODUCTS_DIR; };
		98D22D8426EF39B800285854 /* Mach1_Spatial_Music_PlayerApp.swift */ = {isa = PBXFileReference; lastKnownFileType = sourcecode.swift; path = Mach1_Spatial_Music_PlayerApp.swift; sourceTree = "<group>"; };
		98D22D8826EF39B900285854 /* Icons.xcassets */ = {isa = PBXFileReference; lastKnownFileType = folder.assetcatalog; name = Icons.xcassets; path = "Mach1 Spatial Music Player/Resource/Icons.xcassets"; sourceTree = SOURCE_ROOT; };
		98D22DB126EF3E9200285854 /* Release.xcconfig */ = {isa = PBXFileReference; lastKnownFileType = text.xcconfig; path = Release.xcconfig; sourceTree = "<group>"; };
		98D22DB226EF405200285854 /* Preview Content */ = {isa = PBXFileReference; lastKnownFileType = folder; path = "Preview Content"; sourceTree = "<group>"; };
		98D22DB426EF4AE200285854 /* Development.xcconfig */ = {isa = PBXFileReference; lastKnownFileType = text.xcconfig; path = Development.xcconfig; sourceTree = "<group>"; };
		98D887DD2701FD4D00C09F2D /* HomeView.swift */ = {isa = PBXFileReference; lastKnownFileType = sourcecode.swift; path = HomeView.swift; sourceTree = "<group>"; };
		98D887E5270206E900C09F2D /* SectionedPlaylistsView.swift */ = {isa = PBXFileReference; lastKnownFileType = sourcecode.swift; path = SectionedPlaylistsView.swift; sourceTree = "<group>"; };
		98D887E72702072500C09F2D /* ProfileView.swift */ = {isa = PBXFileReference; lastKnownFileType = sourcecode.swift; path = ProfileView.swift; sourceTree = "<group>"; };
		98E443702701ED000003338A /* AppRoutingView.swift */ = {isa = PBXFileReference; lastKnownFileType = sourcecode.swift; path = AppRoutingView.swift; sourceTree = "<group>"; };
/* End PBXFileReference section */

/* Begin PBXFrameworksBuildPhase section */
		98D22D7E26EF39B800285854 /* Frameworks */ = {
			isa = PBXFrameworksBuildPhase;
			buildActionMask = 2147483647;
			files = (
			);
			runOnlyForDeploymentPostprocessing = 0;
		};
/* End PBXFrameworksBuildPhase section */

/* Begin PBXGroup section */
		98067FFE27030D8900A4588A /* Playlist */ = {
			isa = PBXGroup;
			children = (
				98067FFF27030DA900A4588A /* SectionedPlaylistsRepository.swift */,
			);
			path = Playlist;
			sourceTree = "<group>";
		};
		9806800127030E1400A4588A /* Playlist */ = {
			isa = PBXGroup;
			children = (
				9806800227030E2B00A4588A /* SectionedPlaylistDTO.swift */,
			);
			path = Playlist;
			sourceTree = "<group>";
		};
		9806800427030F0A00A4588A /* Playlist */ = {
			isa = PBXGroup;
			children = (
				9806800527030F4D00A4588A /* SectionedPlaylistRepositoryImpl.swift */,
			);
			path = Playlist;
			sourceTree = "<group>";
		};
		980680072703120100A4588A /* Playlist */ = {
			isa = PBXGroup;
			children = (
				980680082703122100A4588A /* GetSectionedPlaylistsUseCaseImpl.swift */,
			);
			path = Playlist;
			sourceTree = "<group>";
		};
		9806800A2703124100A4588A /* Playlist */ = {
			isa = PBXGroup;
			children = (
				9806800B2703125B00A4588A /* GetSectionedPlaylistsUseCase.swift */,
				980680152703340C00A4588A /* Mach1Sectioned.swift */,
			);
			path = Playlist;
			sourceTree = "<group>";
		};
		9806800D2703128300A4588A /* Playlist */ = {
			isa = PBXGroup;
			children = (
				9806800E2703129D00A4588A /* SectionedPlaylist.swift */,
			);
			path = Playlist;
			sourceTree = "<group>";
		};
		98068012270332D300A4588A /* Base */ = {
			isa = PBXGroup;
			children = (
				98068013270333A700A4588A /* Mach1SectionedList.swift */,
			);
			path = Base;
			sourceTree = "<group>";
		};
		980680172703386F00A4588A /* MockedData */ = {
			isa = PBXGroup;
			children = (
				9806801A2703448500A4588A /* sectionedplaylists.json */,
				9806802027034A9500A4588A /* valid_token.json */,
				9806801E270348FB00A4588A /* MockedResource.swift */,
			);
			path = MockedData;
			sourceTree = "<group>";
		};
		983465DA26F9CC7A00271537 /* Common */ = {
			isa = PBXGroup;
			children = (
				983FC04526FDFF2400F98089 /* Wrapper */,
				988B7B8926EF882600622B89 /* Authorization */,
				983465E226FB4FD700271537 /* Logger */,
				98B5AF8E26EF7D400007C292 /* DependencyInjection */,
				98B5AF7C26EF6CBC0007C292 /* Utils */,
			);
			path = Common;
			sourceTree = "<group>";
		};
		983465DB26F9CDDA00271537 /* Data */ = {
			isa = PBXGroup;
			children = (
				983465E526FB55CC00271537 /* Repositories */,
				988B7B8226EF879300622B89 /* Network */,
			);
			path = Data;
			sourceTree = "<group>";
		};
		983465DC26F9CDF400271537 /* Domain */ = {
			isa = PBXGroup;
			children = (
				983465E726FB560E00271537 /* Model */,
				983465E826FB561500271537 /* Interfaces */,
				983465E926FB562400271537 /* UseCase */,
			);
			path = Domain;
			sourceTree = "<group>";
		};
		983465DD26F9CE2A00271537 /* Presentation */ = {
			isa = PBXGroup;
			children = (
				983FC03C26FDF23900F98089 /* Interfaces */,
				98E4436F2701ECF10003338A /* Routing */,
				98B91E9226FB6783008EA8D2 /* Login */,
				98D887DA2701FCDD00C09F2D /* Home */,
			);
			path = Presentation;
			sourceTree = "<group>";
		};
		983465DE26F9CE3F00271537 /* Application */ = {
			isa = PBXGroup;
			children = (
				98D22D8426EF39B800285854 /* Mach1_Spatial_Music_PlayerApp.swift */,
				98B4EF0726FC687D00C33AA9 /* MockedRepositoryInjectionFactory.swift */,
			);
			path = Application;
			sourceTree = "<group>";
		};
		983465E226FB4FD700271537 /* Logger */ = {
			isa = PBXGroup;
			children = (
				983465E026FB277D00271537 /* LoggerFactory.swift */,
				983465E326FB4FF300271537 /* LoggerCategoryType.swift */,
			);
			path = Logger;
			sourceTree = "<group>";
		};
		983465E526FB55CC00271537 /* Repositories */ = {
			isa = PBXGroup;
			children = (
				98B91EA726FB6B33008EA8D2 /* Login */,
				9806800427030F0A00A4588A /* Playlist */,
			);
			path = Repositories;
			sourceTree = "<group>";
		};
		983465E626FB55EF00271537 /* Utils */ = {
			isa = PBXGroup;
			children = (
				988B7B8326EF87C700622B89 /* ApiCall.swift */,
				988B7B8526EF87E700622B89 /* WebSessionProvider.swift */,
				988B7B8726EF87F400622B89 /* WebRepository.swift */,
			);
			path = Utils;
			sourceTree = "<group>";
		};
		983465E726FB560E00271537 /* Model */ = {
			isa = PBXGroup;
			children = (
				98B91E9D26FB6828008EA8D2 /* Login */,
				9806800D2703128300A4588A /* Playlist */,
			);
			path = Model;
			sourceTree = "<group>";
		};
		983465E826FB561500271537 /* Interfaces */ = {
			isa = PBXGroup;
			children = (
				98B91EA026FB685C008EA8D2 /* Login */,
				98067FFE27030D8900A4588A /* Playlist */,
			);
			path = Interfaces;
			sourceTree = "<group>";
		};
		983465E926FB562400271537 /* UseCase */ = {
			isa = PBXGroup;
			children = (
				98B91EAC26FB6E50008EA8D2 /* Login */,
				980680072703120100A4588A /* Playlist */,
			);
			path = UseCase;
			sourceTree = "<group>";
		};
		983FC03C26FDF23900F98089 /* Interfaces */ = {
			isa = PBXGroup;
			children = (
				983FC04026FDF26900F98089 /* Login */,
				9806800A2703124100A4588A /* Playlist */,
			);
			path = Interfaces;
			sourceTree = "<group>";
		};
		983FC04026FDF26900F98089 /* Login */ = {
			isa = PBXGroup;
			children = (
				983FC04126FDF27F00F98089 /* SignUpCase.swift */,
				983FC04326FDF9CA00F98089 /* SignInUseCase.swift */,
			);
			path = Login;
			sourceTree = "<group>";
		};
		983FC04526FDFF2400F98089 /* Wrapper */ = {
			isa = PBXGroup;
			children = (
				98B5AF7D26EF6CDF0007C292 /* Translate.swift */,
				98B5AF7F26EF6DA30007C292 /* ConfigurationProperty.swift */,
			);
			path = Wrapper;
			sourceTree = "<group>";
		};
		98827BEC26F4B03E00C6BA8E /* Shapes */ = {
			isa = PBXGroup;
			children = (
				98827BE826F4943200C6BA8E /* CorrugatedRectangle.swift */,
			);
			path = Shapes;
			sourceTree = "<group>";
		};
		988B7B8226EF879300622B89 /* Network */ = {
			isa = PBXGroup;
			children = (
				983465E626FB55EF00271537 /* Utils */,
				98B91EA326FB6A92008EA8D2 /* DTO */,
			);
			path = Network;
			sourceTree = "<group>";
		};
		988B7B8926EF882600622B89 /* Authorization */ = {
			isa = PBXGroup;
			children = (
				988B7B8A26EF884300622B89 /* UserAuthorization.swift */,
			);
			path = Authorization;
			sourceTree = "<group>";
		};
		988B7B8C26EF96DD00622B89 /* Styles */ = {
			isa = PBXGroup;
			children = (
				98B5AF8A26EF7A8A0007C292 /* TextSyles.swift */,
				988B7B8E26EF96F400622B89 /* ButtonStyles.swift */,
				988B7B9326EF9B2700622B89 /* Colors.swift */,
				98BCEC2C26F089CF00691C16 /* StyleConstants.swift */,
			);
			path = Styles;
			sourceTree = "<group>";
		};
		98B4EF0F26FCBE4500C33AA9 /* SignUp */ = {
			isa = PBXGroup;
			children = (
				98B4EF1026FCBE4F00C33AA9 /* View */,
				98B4EF1126FCBE5300C33AA9 /* ViewModel */,
			);
			path = SignUp;
			sourceTree = "<group>";
		};
		98B4EF1026FCBE4F00C33AA9 /* View */ = {
			isa = PBXGroup;
			children = (
				98B4EF1226FCBE6300C33AA9 /* SignUpView.swift */,
			);
			path = View;
			sourceTree = "<group>";
		};
		98B4EF1126FCBE5300C33AA9 /* ViewModel */ = {
			isa = PBXGroup;
			children = (
				983FC03026FDC17A00F98089 /* SignUpViewModel.swift */,
			);
			path = ViewModel;
			sourceTree = "<group>";
		};
		98B5AF7C26EF6CBC0007C292 /* Utils */ = {
			isa = PBXGroup;
			children = (
				98827BE426F4816B00C6BA8E /* ImageExtensions.swift */,
				98827BE626F48E1D00C6BA8E /* ViewExtension.swift */,
				98B91EAA26FB6C41008EA8D2 /* StringExtensions.swift */,
				9806801C270346BF00A4588A /* ReadFile.swift */,
			);
			path = Utils;
			sourceTree = "<group>";
		};
		98B5AF8326EF7A170007C292 /* Fonts */ = {
			isa = PBXGroup;
			children = (
				98B5AF8C26EF7B7E0007C292 /* ProximaNovaItalic.otf */,
				98B5AF8426EF7A470007C292 /* ProximaNovaMedium.otf */,
				98B5AF8526EF7A480007C292 /* ProximaNovaRegular.otf */,
				98B5AF8626EF7A480007C292 /* ProximaNovaSemibold.otf */,
			);
			path = Fonts;
			sourceTree = "<group>";
		};
		98B5AF8E26EF7D400007C292 /* DependencyInjection */ = {
			isa = PBXGroup;
			children = (
				988B7B8026EF86E900622B89 /* InjectionFactory.swift */,
			);
			path = DependencyInjection;
			sourceTree = "<group>";
		};
		98B91E9226FB6783008EA8D2 /* Login */ = {
			isa = PBXGroup;
			children = (
				98B91E9326FB678F008EA8D2 /* SignIn */,
				98B4EF0F26FCBE4500C33AA9 /* SignUp */,
			);
			path = Login;
			sourceTree = "<group>";
		};
		98B91E9326FB678F008EA8D2 /* SignIn */ = {
			isa = PBXGroup;
			children = (
				98B91E9426FB67BF008EA8D2 /* View */,
				98B91E9526FB67C4008EA8D2 /* ViewModel */,
			);
			path = SignIn;
			sourceTree = "<group>";
		};
		98B91E9426FB67BF008EA8D2 /* View */ = {
			isa = PBXGroup;
			children = (
				98B91E9926FB67F8008EA8D2 /* SignInView.swift */,
			);
			path = View;
			sourceTree = "<group>";
		};
		98B91E9526FB67C4008EA8D2 /* ViewModel */ = {
			isa = PBXGroup;
			children = (
				98B91E9B26FB680D008EA8D2 /* SignInViewModel.swift */,
			);
			path = ViewModel;
			sourceTree = "<group>";
		};
		98B91E9D26FB6828008EA8D2 /* Login */ = {
			isa = PBXGroup;
			children = (
				98B91E9E26FB6836008EA8D2 /* SignIn.swift */,
				98B91EB026FB6F3F008EA8D2 /* Token.swift */,
				983FC03426FDC3A400F98089 /* SignUp.swift */,
			);
			path = Login;
			sourceTree = "<group>";
		};
		98B91EA026FB685C008EA8D2 /* Login */ = {
			isa = PBXGroup;
			children = (
				98B91EA126FB686B008EA8D2 /* SignInRepository.swift */,
				983FC03226FDC39600F98089 /* SignUpRepository.swift */,
			);
			path = Login;
			sourceTree = "<group>";
		};
		98B91EA326FB6A92008EA8D2 /* DTO */ = {
			isa = PBXGroup;
			children = (
				9806800127030E1400A4588A /* Playlist */,
				98B91EA426FB6AA9008EA8D2 /* Login */,
			);
			path = DTO;
			sourceTree = "<group>";
		};
		98B91EA426FB6AA9008EA8D2 /* Login */ = {
			isa = PBXGroup;
			children = (
				98B91EA526FB6AB5008EA8D2 /* SignInDTO.swift */,
				983FC03626FDC45100F98089 /* SignUpDTO.swift */,
			);
			path = Login;
			sourceTree = "<group>";
		};
		98B91EA726FB6B33008EA8D2 /* Login */ = {
			isa = PBXGroup;
			children = (
				98B91EA826FB6B4A008EA8D2 /* SignInRepositoryImpl.swift */,
				983FC03826FDC4A100F98089 /* SignUpRepositoryImpl.swift */,
			);
			path = Login;
			sourceTree = "<group>";
		};
		98B91EAC26FB6E50008EA8D2 /* Login */ = {
			isa = PBXGroup;
			children = (
				98B91EAD26FB6E62008EA8D2 /* SignInUseCaseImpl.swift */,
				983FC03A26FDC53100F98089 /* SignUpUseCaseImpl.swift */,
			);
			path = Login;
			sourceTree = "<group>";
		};
		98BCEC3426F0EA0800691C16 /* Views */ = {
			isa = PBXGroup;
			children = (
				98827BDA26F32CB100C6BA8E /* Mach1SegmentedPicker.swift */,
				98BCEC3226F0B1A700691C16 /* Mach1TextField.swift */,
				98827BDE26F3408000C6BA8E /* Mach1CircleImage.swift */,
				98827BE026F3780000C6BA8E /* Mach1ProgressBar.swift */,
				98827BE226F3895900C6BA8E /* Mach1CardImage.swift */,
				98827BEA26F4B00200C6BA8E /* Mach1CorrugatedImage.swift */,
				98B4EF0926FC6D7300C33AA9 /* Mach1View.swift */,
				98B4EF0B26FC86D700C33AA9 /* Mach1Logo.swift */,
				98B4EF0D26FC9C2800C33AA9 /* Mach1Alert.swift */,
			);
			path = Views;
			sourceTree = "<group>";
		};
		98D22D7826EF39B800285854 = {
			isa = PBXGroup;
			children = (
				98D22D8326EF39B800285854 /* Mach1 Spatial Music Player */,
				98D22D8226EF39B800285854 /* Products */,
			);
			sourceTree = "<group>";
		};
		98D22D8226EF39B800285854 /* Products */ = {
			isa = PBXGroup;
			children = (
				98D22D8126EF39B800285854 /* Mach1 Spatial Music Player.app */,
			);
			name = Products;
			sourceTree = "<group>";
		};
		98D22D8326EF39B800285854 /* Mach1 Spatial Music Player */ = {
			isa = PBXGroup;
			children = (
				983465DE26F9CE3F00271537 /* Application */,
				98D22DAE26EF3E5200285854 /* Configuration */,
				98D22D9326EF3D8700285854 /* Resource */,
				983465DA26F9CC7A00271537 /* Common */,
				983465DD26F9CE2A00271537 /* Presentation */,
				983465DC26F9CDF400271537 /* Domain */,
				983465DB26F9CDDA00271537 /* Data */,
			);
			path = "Mach1 Spatial Music Player";
			sourceTree = "<group>";
		};
		98D22D9326EF3D8700285854 /* Resource */ = {
			isa = PBXGroup;
			children = (
				980680172703386F00A4588A /* MockedData */,
				98827BEC26F4B03E00C6BA8E /* Shapes */,
				98BCEC3426F0EA0800691C16 /* Views */,
				988B7B8C26EF96DD00622B89 /* Styles */,
				98B5AF8326EF7A170007C292 /* Fonts */,
				98D22DB226EF405200285854 /* Preview Content */,
				98D22D8826EF39B900285854 /* Icons.xcassets */,
				988B7B9026EF98BA00622B89 /* Colors.xcassets */,
				98B5AF7926EF6BF90007C292 /* Localizable.strings */,
			);
			path = Resource;
			sourceTree = "<group>";
		};
		98D22DAE26EF3E5200285854 /* Configuration */ = {
			isa = PBXGroup;
			children = (
				98B5AF8126EF6E3A0007C292 /* Mach1-Spatial-Music-Player-Info.plist */,
				98D22DB426EF4AE200285854 /* Development.xcconfig */,
				98D22DB126EF3E9200285854 /* Release.xcconfig */,
			);
			path = Configuration;
			sourceTree = "<group>";
		};
		98D887DA2701FCDD00C09F2D /* Home */ = {
			isa = PBXGroup;
			children = (
				98D887DF270206AE00C09F2D /* Playlist */,
				98D887E2270206C700C09F2D /* Profile */,
				98D887DB2701FD3300C09F2D /* View */,
			);
			path = Home;
			sourceTree = "<group>";
		};
		98D887DB2701FD3300C09F2D /* View */ = {
			isa = PBXGroup;
			children = (
				98D887DD2701FD4D00C09F2D /* HomeView.swift */,
			);
			path = View;
			sourceTree = "<group>";
		};
		98D887DF270206AE00C09F2D /* Playlist */ = {
			isa = PBXGroup;
			children = (
				98D887E0270206BB00C09F2D /* View */,
				98D887E1270206BF00C09F2D /* ViewModel */,
			);
			path = Playlist;
			sourceTree = "<group>";
		};
		98D887E0270206BB00C09F2D /* View */ = {
			isa = PBXGroup;
			children = (
				98068012270332D300A4588A /* Base */,
				98D887E5270206E900C09F2D /* SectionedPlaylistsView.swift */,
			);
			path = View;
			sourceTree = "<group>";
		};
		98D887E1270206BF00C09F2D /* ViewModel */ = {
			isa = PBXGroup;
			children = (
				98068010270314B700A4588A /* SectionedPlaylistsViewModel.swift */,
			);
			path = ViewModel;
			sourceTree = "<group>";
		};
		98D887E2270206C700C09F2D /* Profile */ = {
			isa = PBXGroup;
			children = (
				98D887E4270206D400C09F2D /* View */,
				98D887E3270206CD00C09F2D /* ViewModel */,
			);
			path = Profile;
			sourceTree = "<group>";
		};
		98D887E3270206CD00C09F2D /* ViewModel */ = {
			isa = PBXGroup;
			children = (
			);
			path = ViewModel;
			sourceTree = "<group>";
		};
		98D887E4270206D400C09F2D /* View */ = {
			isa = PBXGroup;
			children = (
				98D887E72702072500C09F2D /* ProfileView.swift */,
			);
			path = View;
			sourceTree = "<group>";
		};
		98E4436F2701ECF10003338A /* Routing */ = {
			isa = PBXGroup;
			children = (
				98E443702701ED000003338A /* AppRoutingView.swift */,
			);
			path = Routing;
			sourceTree = "<group>";
		};
/* End PBXGroup section */

/* Begin PBXNativeTarget section */
		98D22D8026EF39B800285854 /* Mach1 Spatial Music Player */ = {
			isa = PBXNativeTarget;
			buildConfigurationList = 98D22D8F26EF39B900285854 /* Build configuration list for PBXNativeTarget "Mach1 Spatial Music Player" */;
			buildPhases = (
				98D22D7D26EF39B800285854 /* Sources */,
				98D22D7E26EF39B800285854 /* Frameworks */,
				98D22D7F26EF39B800285854 /* Resources */,
			);
			buildRules = (
			);
			dependencies = (
			);
			name = "Mach1 Spatial Music Player";
			productName = "Mach1 Spatial Music Player";
			productReference = 98D22D8126EF39B800285854 /* Mach1 Spatial Music Player.app */;
			productType = "com.apple.product-type.application";
		};
/* End PBXNativeTarget section */

/* Begin PBXProject section */
		98D22D7926EF39B800285854 /* Project object */ = {
			isa = PBXProject;
			attributes = {
				BuildIndependentTargetsInParallel = 1;
				LastSwiftUpdateCheck = 1300;
				LastUpgradeCheck = 1300;
				TargetAttributes = {
					98D22D8026EF39B800285854 = {
						CreatedOnToolsVersion = 13.0;
					};
				};
			};
			buildConfigurationList = 98D22D7C26EF39B800285854 /* Build configuration list for PBXProject "Mach1 Spatial Music Player" */;
			compatibilityVersion = "Xcode 13.0";
			developmentRegion = en;
			hasScannedForEncodings = 0;
			knownRegions = (
				en,
				Base,
				it,
			);
			mainGroup = 98D22D7826EF39B800285854;
			productRefGroup = 98D22D8226EF39B800285854 /* Products */;
			projectDirPath = "";
			projectRoot = "";
			targets = (
				98D22D8026EF39B800285854 /* Mach1 Spatial Music Player */,
			);
		};
/* End PBXProject section */

/* Begin PBXResourcesBuildPhase section */
		98D22D7F26EF39B800285854 /* Resources */ = {
			isa = PBXResourcesBuildPhase;
			buildActionMask = 2147483647;
			files = (
				98D22DB326EF405200285854 /* Preview Content in Resources */,
				98D22D8926EF39B900285854 /* Icons.xcassets in Resources */,
				98B5AF7726EF6BF90007C292 /* Localizable.strings in Resources */,
				9806801B2703448500A4588A /* sectionedplaylists.json in Resources */,
				98B5AF8D26EF7B7E0007C292 /* ProximaNovaItalic.otf in Resources */,
				98B5AF8926EF7A480007C292 /* ProximaNovaSemibold.otf in Resources */,
				988B7B9126EF98BA00622B89 /* Colors.xcassets in Resources */,
				9806802127034A9500A4588A /* valid_token.json in Resources */,
				98B5AF8726EF7A480007C292 /* ProximaNovaMedium.otf in Resources */,
				98B5AF8826EF7A480007C292 /* ProximaNovaRegular.otf in Resources */,
			);
			runOnlyForDeploymentPostprocessing = 0;
		};
/* End PBXResourcesBuildPhase section */

/* Begin PBXSourcesBuildPhase section */
		98D22D7D26EF39B800285854 /* Sources */ = {
			isa = PBXSourcesBuildPhase;
			buildActionMask = 2147483647;
			files = (
				98827BDF26F3408000C6BA8E /* Mach1CircleImage.swift in Sources */,
				983FC03126FDC17A00F98089 /* SignUpViewModel.swift in Sources */,
				98B91EA926FB6B4A008EA8D2 /* SignInRepositoryImpl.swift in Sources */,
				98E443712701ED000003338A /* AppRoutingView.swift in Sources */,
				980680162703340C00A4588A /* Mach1Sectioned.swift in Sources */,
				988B7B8126EF86E900622B89 /* InjectionFactory.swift in Sources */,
				98BCEC2D26F089CF00691C16 /* StyleConstants.swift in Sources */,
				9806800327030E2B00A4588A /* SectionedPlaylistDTO.swift in Sources */,
				98B4EF0A26FC6D7300C33AA9 /* Mach1View.swift in Sources */,
				9806800027030DA900A4588A /* SectionedPlaylistsRepository.swift in Sources */,
				9806800C2703125B00A4588A /* GetSectionedPlaylistsUseCase.swift in Sources */,
				988B7B9426EF9B2700622B89 /* Colors.swift in Sources */,
				9806801D270346BF00A4588A /* ReadFile.swift in Sources */,
				9806800627030F4D00A4588A /* SectionedPlaylistRepositoryImpl.swift in Sources */,
				98B91E9C26FB680D008EA8D2 /* SignInViewModel.swift in Sources */,
				98B5AF8026EF6DA30007C292 /* ConfigurationProperty.swift in Sources */,
				983FC04426FDF9CA00F98089 /* SignInUseCase.swift in Sources */,
				988B7B8626EF87E700622B89 /* WebSessionProvider.swift in Sources */,
				983FC03526FDC3A400F98089 /* SignUp.swift in Sources */,
				983FC03926FDC4A100F98089 /* SignUpRepositoryImpl.swift in Sources */,
				98B4EF0E26FC9C2800C33AA9 /* Mach1Alert.swift in Sources */,
				98B91EA626FB6AB5008EA8D2 /* SignInDTO.swift in Sources */,
				988B7B8F26EF96F400622B89 /* ButtonStyles.swift in Sources */,
				980680092703122100A4588A /* GetSectionedPlaylistsUseCaseImpl.swift in Sources */,
				988B7B8426EF87C700622B89 /* ApiCall.swift in Sources */,
				988B7B8B26EF884300622B89 /* UserAuthorization.swift in Sources */,
				98B91E9A26FB67F8008EA8D2 /* SignInView.swift in Sources */,
				988B7B8826EF87F400622B89 /* WebRepository.swift in Sources */,
				98827BE526F4816B00C6BA8E /* ImageExtensions.swift in Sources */,
				983FC03B26FDC53100F98089 /* SignUpUseCaseImpl.swift in Sources */,
				983465E426FB4FF300271537 /* LoggerCategoryType.swift in Sources */,
				98B5AF7E26EF6CDF0007C292 /* Translate.swift in Sources */,
				98B91EB126FB6F3F008EA8D2 /* Token.swift in Sources */,
				98D887E82702072500C09F2D /* ProfileView.swift in Sources */,
				98827BE726F48E1D00C6BA8E /* ViewExtension.swift in Sources */,
				98D887DE2701FD4D00C09F2D /* HomeView.swift in Sources */,
				98B91EA226FB686B008EA8D2 /* SignInRepository.swift in Sources */,
				98BCEC3326F0B1A700691C16 /* Mach1TextField.swift in Sources */,
				98B4EF1326FCBE6300C33AA9 /* SignUpView.swift in Sources */,
				98D22D8526EF39B800285854 /* Mach1_Spatial_Music_PlayerApp.swift in Sources */,
				98B91E9F26FB6836008EA8D2 /* SignIn.swift in Sources */,
				98B91EAB26FB6C41008EA8D2 /* StringExtensions.swift in Sources */,
				98B5AF8B26EF7A8A0007C292 /* TextSyles.swift in Sources */,
				9806800F2703129D00A4588A /* SectionedPlaylist.swift in Sources */,
				983465E126FB277D00271537 /* LoggerFactory.swift in Sources */,
				98068014270333A700A4588A /* Mach1SectionedList.swift in Sources */,
				983FC03326FDC39600F98089 /* SignUpRepository.swift in Sources */,
				98827BE126F3780000C6BA8E /* Mach1ProgressBar.swift in Sources */,
				983FC04226FDF27F00F98089 /* SignUpCase.swift in Sources */,
				98827BE326F3895900C6BA8E /* Mach1CardImage.swift in Sources */,
				9806801F270348FB00A4588A /* MockedResource.swift in Sources */,
				98827BDB26F32CB100C6BA8E /* Mach1SegmentedPicker.swift in Sources */,
				98827BEB26F4B00200C6BA8E /* Mach1CorrugatedImage.swift in Sources */,
				98068011270314B700A4588A /* SectionedPlaylistsViewModel.swift in Sources */,
				98B4EF0826FC687D00C33AA9 /* MockedRepositoryInjectionFactory.swift in Sources */,
				98B4EF0C26FC86D700C33AA9 /* Mach1Logo.swift in Sources */,
				983FC03726FDC45100F98089 /* SignUpDTO.swift in Sources */,
				98827BE926F4943200C6BA8E /* CorrugatedRectangle.swift in Sources */,
				98D887E6270206E900C09F2D /* SectionedPlaylistsView.swift in Sources */,
				98B91EAE26FB6E62008EA8D2 /* SignInUseCaseImpl.swift in Sources */,
			);
			runOnlyForDeploymentPostprocessing = 0;
		};
/* End PBXSourcesBuildPhase section */

/* Begin PBXVariantGroup section */
		98B5AF7926EF6BF90007C292 /* Localizable.strings */ = {
			isa = PBXVariantGroup;
			children = (
				98B5AF7826EF6BF90007C292 /* en */,
				98B5AF7B26EF6C3D0007C292 /* it */,
			);
			name = Localizable.strings;
			sourceTree = "<group>";
		};
/* End PBXVariantGroup section */

/* Begin XCBuildConfiguration section */
		98D22D8D26EF39B900285854 /* Debug */ = {
			isa = XCBuildConfiguration;
			baseConfigurationReference = 98D22DB426EF4AE200285854 /* Development.xcconfig */;
			buildSettings = {
				ALWAYS_SEARCH_USER_PATHS = NO;
				CLANG_ANALYZER_LOCALIZABILITY_NONLOCALIZED = YES;
				CLANG_ANALYZER_NONNULL = YES;
				CLANG_ANALYZER_NUMBER_OBJECT_CONVERSION = YES_AGGRESSIVE;
				CLANG_CXX_LANGUAGE_STANDARD = "gnu++17";
				CLANG_CXX_LIBRARY = "libc++";
				CLANG_ENABLE_MODULES = YES;
				CLANG_ENABLE_OBJC_ARC = YES;
				CLANG_ENABLE_OBJC_WEAK = YES;
				CLANG_WARN_BLOCK_CAPTURE_AUTORELEASING = YES;
				CLANG_WARN_BOOL_CONVERSION = YES;
				CLANG_WARN_COMMA = YES;
				CLANG_WARN_CONSTANT_CONVERSION = YES;
				CLANG_WARN_DEPRECATED_OBJC_IMPLEMENTATIONS = YES;
				CLANG_WARN_DIRECT_OBJC_ISA_USAGE = YES_ERROR;
				CLANG_WARN_DOCUMENTATION_COMMENTS = YES;
				CLANG_WARN_EMPTY_BODY = YES;
				CLANG_WARN_ENUM_CONVERSION = YES;
				CLANG_WARN_INFINITE_RECURSION = YES;
				CLANG_WARN_INT_CONVERSION = YES;
				CLANG_WARN_NON_LITERAL_NULL_CONVERSION = YES;
				CLANG_WARN_OBJC_IMPLICIT_RETAIN_SELF = YES;
				CLANG_WARN_OBJC_LITERAL_CONVERSION = YES;
				CLANG_WARN_OBJC_ROOT_CLASS = YES_ERROR;
				CLANG_WARN_QUOTED_INCLUDE_IN_FRAMEWORK_HEADER = YES;
				CLANG_WARN_RANGE_LOOP_ANALYSIS = YES;
				CLANG_WARN_STRICT_PROTOTYPES = YES;
				CLANG_WARN_SUSPICIOUS_MOVE = YES;
				CLANG_WARN_UNGUARDED_AVAILABILITY = YES_AGGRESSIVE;
				CLANG_WARN_UNREACHABLE_CODE = YES;
				CLANG_WARN__DUPLICATE_METHOD_MATCH = YES;
				COPY_PHASE_STRIP = NO;
				DEBUG_INFORMATION_FORMAT = dwarf;
				ENABLE_STRICT_OBJC_MSGSEND = YES;
				ENABLE_TESTABILITY = YES;
				GCC_C_LANGUAGE_STANDARD = gnu11;
				GCC_DYNAMIC_NO_PIC = NO;
				GCC_NO_COMMON_BLOCKS = YES;
				GCC_OPTIMIZATION_LEVEL = 0;
				GCC_PREPROCESSOR_DEFINITIONS = (
					"DEBUG=1",
					"$(inherited)",
				);
				GCC_WARN_64_TO_32_BIT_CONVERSION = YES;
				GCC_WARN_ABOUT_RETURN_TYPE = YES_ERROR;
				GCC_WARN_UNDECLARED_SELECTOR = YES;
				GCC_WARN_UNINITIALIZED_AUTOS = YES_AGGRESSIVE;
				GCC_WARN_UNUSED_FUNCTION = YES;
				GCC_WARN_UNUSED_VARIABLE = YES;
				IPHONEOS_DEPLOYMENT_TARGET = 15.0;
				MTL_ENABLE_DEBUG_INFO = INCLUDE_SOURCE;
				MTL_FAST_MATH = YES;
				ONLY_ACTIVE_ARCH = YES;
				SDKROOT = iphoneos;
				SWIFT_ACTIVE_COMPILATION_CONDITIONS = DEBUG;
				SWIFT_OPTIMIZATION_LEVEL = "-Onone";
			};
			name = Debug;
		};
		98D22D8E26EF39B900285854 /* Release */ = {
			isa = XCBuildConfiguration;
			baseConfigurationReference = 98D22DB126EF3E9200285854 /* Release.xcconfig */;
			buildSettings = {
				ALWAYS_SEARCH_USER_PATHS = NO;
				CLANG_ANALYZER_LOCALIZABILITY_NONLOCALIZED = YES;
				CLANG_ANALYZER_NONNULL = YES;
				CLANG_ANALYZER_NUMBER_OBJECT_CONVERSION = YES_AGGRESSIVE;
				CLANG_CXX_LANGUAGE_STANDARD = "gnu++17";
				CLANG_CXX_LIBRARY = "libc++";
				CLANG_ENABLE_MODULES = YES;
				CLANG_ENABLE_OBJC_ARC = YES;
				CLANG_ENABLE_OBJC_WEAK = YES;
				CLANG_WARN_BLOCK_CAPTURE_AUTORELEASING = YES;
				CLANG_WARN_BOOL_CONVERSION = YES;
				CLANG_WARN_COMMA = YES;
				CLANG_WARN_CONSTANT_CONVERSION = YES;
				CLANG_WARN_DEPRECATED_OBJC_IMPLEMENTATIONS = YES;
				CLANG_WARN_DIRECT_OBJC_ISA_USAGE = YES_ERROR;
				CLANG_WARN_DOCUMENTATION_COMMENTS = YES;
				CLANG_WARN_EMPTY_BODY = YES;
				CLANG_WARN_ENUM_CONVERSION = YES;
				CLANG_WARN_INFINITE_RECURSION = YES;
				CLANG_WARN_INT_CONVERSION = YES;
				CLANG_WARN_NON_LITERAL_NULL_CONVERSION = YES;
				CLANG_WARN_OBJC_IMPLICIT_RETAIN_SELF = YES;
				CLANG_WARN_OBJC_LITERAL_CONVERSION = YES;
				CLANG_WARN_OBJC_ROOT_CLASS = YES_ERROR;
				CLANG_WARN_QUOTED_INCLUDE_IN_FRAMEWORK_HEADER = YES;
				CLANG_WARN_RANGE_LOOP_ANALYSIS = YES;
				CLANG_WARN_STRICT_PROTOTYPES = YES;
				CLANG_WARN_SUSPICIOUS_MOVE = YES;
				CLANG_WARN_UNGUARDED_AVAILABILITY = YES_AGGRESSIVE;
				CLANG_WARN_UNREACHABLE_CODE = YES;
				CLANG_WARN__DUPLICATE_METHOD_MATCH = YES;
				COPY_PHASE_STRIP = NO;
				DEBUG_INFORMATION_FORMAT = "dwarf-with-dsym";
				ENABLE_NS_ASSERTIONS = NO;
				ENABLE_STRICT_OBJC_MSGSEND = YES;
				GCC_C_LANGUAGE_STANDARD = gnu11;
				GCC_NO_COMMON_BLOCKS = YES;
				GCC_WARN_64_TO_32_BIT_CONVERSION = YES;
				GCC_WARN_ABOUT_RETURN_TYPE = YES_ERROR;
				GCC_WARN_UNDECLARED_SELECTOR = YES;
				GCC_WARN_UNINITIALIZED_AUTOS = YES_AGGRESSIVE;
				GCC_WARN_UNUSED_FUNCTION = YES;
				GCC_WARN_UNUSED_VARIABLE = YES;
				IPHONEOS_DEPLOYMENT_TARGET = 15.0;
				MTL_ENABLE_DEBUG_INFO = NO;
				MTL_FAST_MATH = YES;
				SDKROOT = iphoneos;
				SWIFT_COMPILATION_MODE = wholemodule;
				SWIFT_OPTIMIZATION_LEVEL = "-O";
				VALIDATE_PRODUCT = YES;
			};
			name = Release;
		};
		98D22D9026EF39B900285854 /* Debug */ = {
			isa = XCBuildConfiguration;
			baseConfigurationReference = 98D22DB426EF4AE200285854 /* Development.xcconfig */;
			buildSettings = {
				ASSETCATALOG_COMPILER_APPICON_NAME = "$(CF_APP_ICON)";
				ASSETCATALOG_COMPILER_GLOBAL_ACCENT_COLOR_NAME = AccentColor;
				ASSETCATALOG_COMPILER_INCLUDE_ALL_APPICON_ASSETS = NO;
				CODE_SIGN_STYLE = Automatic;
				CURRENT_PROJECT_VERSION = 1;
				DEVELOPMENT_ASSET_PATHS = "\"Mach1 Spatial Music Player/Resource/Preview Content\"";
				ENABLE_PREVIEWS = YES;
				GENERATE_INFOPLIST_FILE = YES;
				INFOPLIST_FILE = "Mach1 Spatial Music Player/Configuration/Mach1-Spatial-Music-Player-Info.plist";
				INFOPLIST_KEY_CFBundleDisplayName = "DEV - Mach1 Spatial Music Player";
				INFOPLIST_KEY_UIApplicationSceneManifest_Generation = YES;
				INFOPLIST_KEY_UIApplicationSupportsIndirectInputEvents = YES;
				INFOPLIST_KEY_UISupportedInterfaceOrientations_iPad = "UIInterfaceOrientationPortrait UIInterfaceOrientationPortraitUpsideDown UIInterfaceOrientationLandscapeLeft UIInterfaceOrientationLandscapeRight";
				INFOPLIST_KEY_UISupportedInterfaceOrientations_iPhone = "UIInterfaceOrientationPortrait UIInterfaceOrientationLandscapeLeft UIInterfaceOrientationLandscapeRight";
				IPHONEOS_DEPLOYMENT_TARGET = 15.0;
				LD_RUNPATH_SEARCH_PATHS = (
					"$(inherited)",
					"@executable_path/Frameworks",
				);
				MARKETING_VERSION = "$(CF_APP_VERSION)";
				PRODUCT_BUNDLE_IDENTIFIER = "$(CF_APP_BUNDLE_IDENTIFIER)";
				PRODUCT_MODULE_NAME = "$(PRODUCT_NAME:c99extidentifier)";
				PRODUCT_NAME = "$(TARGET_NAME)";
				SWIFT_EMIT_LOC_STRINGS = YES;
				SWIFT_VERSION = 5.0;
				TARGETED_DEVICE_FAMILY = "1,2";
			};
			name = Debug;
		};
		98D22D9126EF39B900285854 /* Release */ = {
			isa = XCBuildConfiguration;
			baseConfigurationReference = 98D22DB126EF3E9200285854 /* Release.xcconfig */;
			buildSettings = {
				ASSETCATALOG_COMPILER_APPICON_NAME = "$(CF_APP_ICON)";
				ASSETCATALOG_COMPILER_GLOBAL_ACCENT_COLOR_NAME = AccentColor;
				ASSETCATALOG_COMPILER_INCLUDE_ALL_APPICON_ASSETS = NO;
				CODE_SIGN_STYLE = Automatic;
				CURRENT_PROJECT_VERSION = 1;
				DEVELOPMENT_ASSET_PATHS = "\"Mach1 Spatial Music Player/Resource/Preview Content\"";
				ENABLE_PREVIEWS = YES;
				GENERATE_INFOPLIST_FILE = YES;
				INFOPLIST_FILE = "Mach1 Spatial Music Player/Configuration/Mach1-Spatial-Music-Player-Info.plist";
				INFOPLIST_KEY_CFBundleDisplayName = "DEV - Mach1 Spatial Music Player";
				INFOPLIST_KEY_UIApplicationSceneManifest_Generation = YES;
				INFOPLIST_KEY_UIApplicationSupportsIndirectInputEvents = YES;
				INFOPLIST_KEY_UISupportedInterfaceOrientations_iPad = "UIInterfaceOrientationPortrait UIInterfaceOrientationPortraitUpsideDown UIInterfaceOrientationLandscapeLeft UIInterfaceOrientationLandscapeRight";
				INFOPLIST_KEY_UISupportedInterfaceOrientations_iPhone = "UIInterfaceOrientationPortrait UIInterfaceOrientationLandscapeLeft UIInterfaceOrientationLandscapeRight";
				IPHONEOS_DEPLOYMENT_TARGET = 15.0;
				LD_RUNPATH_SEARCH_PATHS = (
					"$(inherited)",
					"@executable_path/Frameworks",
				);
				MARKETING_VERSION = "$(CF_APP_VERSION)";
				PRODUCT_BUNDLE_IDENTIFIER = "$(CF_APP_BUNDLE_IDENTIFIER)";
				PRODUCT_MODULE_NAME = "$(PRODUCT_NAME:c99extidentifier)";
				PRODUCT_NAME = "$(TARGET_NAME)";
				SWIFT_EMIT_LOC_STRINGS = YES;
				SWIFT_VERSION = 5.0;
				TARGETED_DEVICE_FAMILY = "1,2";
			};
			name = Release;
		};
/* End XCBuildConfiguration section */

/* Begin XCConfigurationList section */
		98D22D7C26EF39B800285854 /* Build configuration list for PBXProject "Mach1 Spatial Music Player" */ = {
			isa = XCConfigurationList;
			buildConfigurations = (
				98D22D8D26EF39B900285854 /* Debug */,
				98D22D8E26EF39B900285854 /* Release */,
			);
			defaultConfigurationIsVisible = 0;
			defaultConfigurationName = Release;
		};
		98D22D8F26EF39B900285854 /* Build configuration list for PBXNativeTarget "Mach1 Spatial Music Player" */ = {
			isa = XCConfigurationList;
			buildConfigurations = (
				98D22D9026EF39B900285854 /* Debug */,
				98D22D9126EF39B900285854 /* Release */,
			);
			defaultConfigurationIsVisible = 0;
			defaultConfigurationName = Release;
		};
/* End XCConfigurationList section */
	};
	rootObject = 98D22D7926EF39B800285854 /* Project object */;
}
